
Microsoft Visual Studio Solution File, Format Version 12.00
# Visual Studio 15
VisualStudioVersion = 15.0.28307.106
MinimumVisualStudioVersion = 10.0.40219.1
Project("{FAE04EC0-301F-11D3-BF4B-00C04F79EFBC}") = "XamarinMapsApp.Android", "XamarinMapsApp\XamarinMapsApp.Android\XamarinMapsApp.Android.csproj", "{4B7EF03F-22DC-4B96-8CDA-46E45DA8A71B}"
EndProject
Project("{FAE04EC0-301F-11D3-BF4B-00C04F79EFBC}") = "XamarinMapsApp.iOS", "XamarinMapsApp\XamarinMapsApp.iOS\XamarinMapsApp.iOS.csproj", "{3BA0A8FE-6C94-4327-802E-F2DA535D692C}"
EndProject
Project("{FAE04EC0-301F-11D3-BF4B-00C04F79EFBC}") = "XamarinMapsApp", "XamarinMapsApp\XamarinMapsApp\XamarinMapsApp.csproj", "{A0247970-7EE0-4EEE-9BDD-3F2ED076DC89}"
EndProject
Global
	GlobalSection(SolutionConfigurationPlatforms) = preSolution
		Ad-Hoc|Any CPU = Ad-Hoc|Any CPU
		Ad-Hoc|iPhone = Ad-Hoc|iPhone
		Ad-Hoc|iPhoneSimulator = Ad-Hoc|iPhoneSimulator
		AppStore|Any CPU = AppStore|Any CPU
		AppStore|iPhone = AppStore|iPhone
		AppStore|iPhoneSimulator = AppStore|iPhoneSimulator
		Debug|Any CPU = Debug|Any CPU
		Debug|iPhone = Debug|iPhone
		Debug|iPhoneSimulator = Debug|iPhoneSimulator
		Release|Any CPU = Release|Any CPU
		Release|iPhone = Release|iPhone
		Release|iPhoneSimulator = Release|iPhoneSimulator
	EndGlobalSection
	GlobalSection(ProjectConfigurationPlatforms) = postSolution
		{4B7EF03F-22DC-4B96-8CDA-46E45DA8A71B}.Ad-Hoc|Any CPU.ActiveCfg = Release|Any CPU
		{4B7EF03F-22DC-4B96-8CDA-46E45DA8A71B}.Ad-Hoc|Any CPU.Build.0 = Release|Any CPU
		{4B7EF03F-22DC-4B96-8CDA-46E45DA8A71B}.Ad-Hoc|Any CPU.Deploy.0 = Release|Any CPU
		{4B7EF03F-22DC-4B96-8CDA-46E45DA8A71B}.Ad-Hoc|iPhone.ActiveCfg = Release|Any CPU
		{4B7EF03F-22DC-4B96-8CDA-46E45DA8A71B}.Ad-Hoc|iPhone.Build.0 = Release|Any CPU
		{4B7EF03F-22DC-4B96-8CDA-46E45DA8A71B}.Ad-Hoc|iPhone.Deploy.0 = Release|Any CPU
		{4B7EF03F-22DC-4B96-8CDA-46E45DA8A71B}.Ad-Hoc|iPhoneSimulator.ActiveCfg = Release|Any CPU
		{4B7EF03F-22DC-4B96-8CDA-46E45DA8A71B}.Ad-Hoc|iPhoneSimulator.Build.0 = Release|Any CPU
		{4B7EF03F-22DC-4B96-8CDA-46E45DA8A71B}.Ad-Hoc|iPhoneSimulator.Deploy.0 = Release|Any CPU
		{4B7EF03F-22DC-4B96-8CDA-46E45DA8A71B}.AppStore|Any CPU.ActiveCfg = Release|Any CPU
		{4B7EF03F-22DC-4B96-8CDA-46E45DA8A71B}.AppStore|Any CPU.Build.0 = Release|Any CPU
		{4B7EF03F-22DC-4B96-8CDA-46E45DA8A71B}.AppStore|Any CPU.Deploy.0 = Release|Any CPU
		{4B7EF03F-22DC-4B96-8CDA-46E45DA8A71B}.AppStore|iPhone.ActiveCfg = Release|Any CPU
		{4B7EF03F-22DC-4B96-8CDA-46E45DA8A71B}.AppStore|iPhone.Build.0 = Release|Any CPU
		{4B7EF03F-22DC-4B96-8CDA-46E45DA8A71B}.AppStore|iPhone.Deploy.0 = Release|Any CPU
		{4B7EF03F-22DC-4B96-8CDA-46E45DA8A71B}.AppStore|iPhoneSimulator.ActiveCfg = Release|Any CPU
		{4B7EF03F-22DC-4B96-8CDA-46E45DA8A71B}.AppStore|iPhoneSimulator.Build.0 = Release|Any CPU
		{4B7EF03F-22DC-4B96-8CDA-46E45DA8A71B}.AppStore|iPhoneSimulator.Deploy.0 = Release|Any CPU
		{4B7EF03F-22DC-4B96-8CDA-46E45DA8A71B}.Debug|Any CPU.ActiveCfg = Debug|Any CPU
		{4B7EF03F-22DC-4B96-8CDA-46E45DA8A71B}.Debug|Any CPU.Build.0 = Debug|Any CPU
		{4B7EF03F-22DC-4B96-8CDA-46E45DA8A71B}.Debug|Any CPU.Deploy.0 = Debug|Any CPU
		{4B7EF03F-22DC-4B96-8CDA-46E45DA8A71B}.Debug|iPhone.ActiveCfg = Debug|Any CPU
		{4B7EF03F-22DC-4B96-8CDA-46E45DA8A71B}.Debug|iPhone.Build.0 = Debug|Any CPU
		{4B7EF03F-22DC-4B96-8CDA-46E45DA8A71B}.Debug|iPhone.Deploy.0 = Debug|Any CPU
		{4B7EF03F-22DC-4B96-8CDA-46E45DA8A71B}.Debug|iPhoneSimulator.ActiveCfg = Debug|Any CPU
		{4B7EF03F-22DC-4B96-8CDA-46E45DA8A71B}.Debug|iPhoneSimulator.Build.0 = Debug|Any CPU
		{4B7EF03F-22DC-4B96-8CDA-46E45DA8A71B}.Debug|iPhoneSimulator.Deploy.0 = Debug|Any CPU
		{4B7EF03F-22DC-4B96-8CDA-46E45DA8A71B}.Release|Any CPU.ActiveCfg = Release|Any CPU
		{4B7EF03F-22DC-4B96-8CDA-46E45DA8A71B}.Release|Any CPU.Build.0 = Release|Any CPU
		{4B7EF03F-22DC-4B96-8CDA-46E45DA8A71B}.Release|Any CPU.Deploy.0 = Release|Any CPU
		{4B7EF03F-22DC-4B96-8CDA-46E45DA8A71B}.Release|iPhone.ActiveCfg = Release|Any CPU
		{4B7EF03F-22DC-4B96-8CDA-46E45DA8A71B}.Release|iPhone.Build.0 = Release|Any CPU
		{4B7EF03F-22DC-4B96-8CDA-46E45DA8A71B}.Release|iPhone.Deploy.0 = Release|Any CPU
		{4B7EF03F-22DC-4B96-8CDA-46E45DA8A71B}.Release|iPhoneSimulator.ActiveCfg = Release|Any CPU
		{4B7EF03F-22DC-4B96-8CDA-46E45DA8A71B}.Release|iPhoneSimulator.Build.0 = Release|Any CPU
		{4B7EF03F-22DC-4B96-8CDA-46E45DA8A71B}.Release|iPhoneSimulator.Deploy.0 = Release|Any CPU
		{3BA0A8FE-6C94-4327-802E-F2DA535D692C}.Ad-Hoc|Any CPU.ActiveCfg = Ad-Hoc|iPhone
		{3BA0A8FE-6C94-4327-802E-F2DA535D692C}.Ad-Hoc|Any CPU.Build.0 = Ad-Hoc|iPhone
		{3BA0A8FE-6C94-4327-802E-F2DA535D692C}.Ad-Hoc|Any CPU.Deploy.0 = Ad-Hoc|iPhone
		{3BA0A8FE-6C94-4327-802E-F2DA535D692C}.Ad-Hoc|iPhone.ActiveCfg = Ad-Hoc|iPhone
		{3BA0A8FE-6C94-4327-802E-F2DA535D692C}.Ad-Hoc|iPhone.Build.0 = Ad-Hoc|iPhone
		{3BA0A8FE-6C94-4327-802E-F2DA535D692C}.Ad-Hoc|iPhone.Deploy.0 = Ad-Hoc|iPhone
		{3BA0A8FE-6C94-4327-802E-F2DA535D692C}.Ad-Hoc|iPhoneSimulator.ActiveCfg = Ad-Hoc|iPhoneSimulator
		{3BA0A8FE-6C94-4327-802E-F2DA535D692C}.Ad-Hoc|iPhoneSimulator.Build.0 = Ad-Hoc|iPhoneSimulator
		{3BA0A8FE-6C94-4327-802E-F2DA535D692C}.Ad-Hoc|iPhoneSimulator.Deploy.0 = Ad-Hoc|iPhoneSimulator
		{3BA0A8FE-6C94-4327-802E-F2DA535D692C}.AppStore|Any CPU.ActiveCfg = AppStore|iPhone
		{3BA0A8FE-6C94-4327-802E-F2DA535D692C}.AppStore|Any CPU.Build.0 = AppStore|iPhone
		{3BA0A8FE-6C94-4327-802E-F2DA535D692C}.AppStore|Any CPU.Deploy.0 = AppStore|iPhone
		{3BA0A8FE-6C94-4327-802E-F2DA535D692C}.AppStore|iPhone.ActiveCfg = AppStore|iPhone
		{3BA0A8FE-6C94-4327-802E-F2DA535D692C}.AppStore|iPhone.Build.0 = AppStore|iPhone
		{3BA0A8FE-6C94-4327-802E-F2DA535D692C}.AppStore|iPhone.Deploy.0 = AppStore|iPhone
		{3BA0A8FE-6C94-4327-802E-F2DA535D692C}.AppStore|iPhoneSimulator.ActiveCfg = AppStore|iPhoneSimulator
		{3BA0A8FE-6C94-4327-802E-F2DA535D692C}.AppStore|iPhoneSimulator.Build.0 = AppStore|iPhoneSimulator
		{3BA0A8FE-6C94-4327-802E-F2DA535D692C}.AppStore|iPhoneSimulator.Deploy.0 = AppStore|iPhoneSimulator
		{3BA0A8FE-6C94-4327-802E-F2DA535D692C}.Debug|Any CPU.ActiveCfg = Debug|iPhoneSimulator
		{3BA0A8FE-6C94-4327-802E-F2DA535D692C}.Debug|Any CPU.Build.0 = Debug|iPhoneSimulator
		{3BA0A8FE-6C94-4327-802E-F2DA535D692C}.Debug|Any CPU.Deploy.0 = Debug|iPhoneSimulator
		{3BA0A8FE-6C94-4327-802E-F2DA535D692C}.Debug|iPhone.ActiveCfg = Debug|iPhone
		{3BA0A8FE-6C94-4327-802E-F2DA535D692C}.Debug|iPhone.Build.0 = Debug|iPhone
		{3BA0A8FE-6C94-4327-802E-F2DA535D692C}.Debug|iPhone.Deploy.0 = Debug|iPhone
		{3BA0A8FE-6C94-4327-802E-F2DA535D692C}.Debug|iPhoneSimulator.ActiveCfg = Debug|iPhoneSimulator
		{3BA0A8FE-6C94-4327-802E-F2DA535D692C}.Debug|iPhoneSimulator.Build.0 = Debug|iPhoneSimulator
		{3BA0A8FE-6C94-4327-802E-F2DA535D692C}.Debug|iPhoneSimulator.Deploy.0 = Debug|iPhoneSimulator
		{3BA0A8FE-6C94-4327-802E-F2DA535D692C}.Release|Any CPU.ActiveCfg = Release|iPhone
		{3BA0A8FE-6C94-4327-802E-F2DA535D692C}.Release|Any CPU.Build.0 = Release|iPhone
		{3BA0A8FE-6C94-4327-802E-F2DA535D692C}.Release|Any CPU.Deploy.0 = Release|iPhone
		{3BA0A8FE-6C94-4327-802E-F2DA535D692C}.Release|iPhone.ActiveCfg = Release|iPhone
		{3BA0A8FE-6C94-4327-802E-F2DA535D692C}.Release|iPhone.Build.0 = Release|iPhone
		{3BA0A8FE-6C94-4327-802E-F2DA535D692C}.Release|iPhone.Deploy.0 = Release|iPhone
		{3BA0A8FE-6C94-4327-802E-F2DA535D692C}.Release|iPhoneSimulator.ActiveCfg = Release|iPhoneSimulator
		{3BA0A8FE-6C94-4327-802E-F2DA535D692C}.Release|iPhoneSimulator.Build.0 = Release|iPhoneSimulator
		{3BA0A8FE-6C94-4327-802E-F2DA535D692C}.Release|iPhoneSimulator.Deploy.0 = Release|iPhoneSimulator
		{A0247970-7EE0-4EEE-9BDD-3F2ED076DC89}.Ad-Hoc|Any CPU.ActiveCfg = Debug|Any CPU
		{A0247970-7EE0-4EEE-9BDD-3F2ED076DC89}.Ad-Hoc|Any CPU.Build.0 = Debug|Any CPU
		{A0247970-7EE0-4EEE-9BDD-3F2ED076DC89}.Ad-Hoc|Any CPU.Deploy.0 = Debug|Any CPU
		{A0247970-7EE0-4EEE-9BDD-3F2ED076DC89}.Ad-Hoc|iPhone.ActiveCfg = Debug|Any CPU
		{A0247970-7EE0-4EEE-9BDD-3F2ED076DC89}.Ad-Hoc|iPhone.Build.0 = Debug|Any CPU
		{A0247970-7EE0-4EEE-9BDD-3F2ED076DC89}.Ad-Hoc|iPhone.Deploy.0 = Debug|Any CPU
		{A0247970-7EE0-4EEE-9BDD-3F2ED076DC89}.Ad-Hoc|iPhoneSimulator.ActiveCfg = Debug|Any CPU
		{A0247970-7EE0-4EEE-9BDD-3F2ED076DC89}.Ad-Hoc|iPhoneSimulator.Build.0 = Debug|Any CPU
		{A0247970-7EE0-4EEE-9BDD-3F2ED076DC89}.Ad-Hoc|iPhoneSimulator.Deploy.0 = Debug|Any CPU
		{A0247970-7EE0-4EEE-9BDD-3F2ED076DC89}.AppStore|Any CPU.ActiveCfg = Debug|Any CPU
		{A0247970-7EE0-4EEE-9BDD-3F2ED076DC89}.AppStore|Any CPU.Build.0 = Debug|Any CPU
		{A0247970-7EE0-4EEE-9BDD-3F2ED076DC89}.AppStore|Any CPU.Deploy.0 = Debug|Any CPU
		{A0247970-7EE0-4EEE-9BDD-3F2ED076DC89}.AppStore|iPhone.ActiveCfg = Debug|Any CPU
		{A0247970-7EE0-4EEE-9BDD-3F2ED076DC89}.AppStore|iPhone.Build.0 = Debug|Any CPU
		{A0247970-7EE0-4EEE-9BDD-3F2ED076DC89}.AppStore|iPhone.Deploy.0 = Debug|Any CPU
		{A0247970-7EE0-4EEE-9BDD-3F2ED076DC89}.AppStore|iPhoneSimulator.ActiveCfg = Debug|Any CPU
		{A0247970-7EE0-4EEE-9BDD-3F2ED076DC89}.AppStore|iPhoneSimulator.Build.0 = Debug|Any CPU
		{A0247970-7EE0-4EEE-9BDD-3F2ED076DC89}.AppStore|iPhoneSimulator.Deploy.0 = Debug|Any CPU
		{A0247970-7EE0-4EEE-9BDD-3F2ED076DC89}.Debug|Any CPU.ActiveCfg = Debug|Any CPU
		{A0247970-7EE0-4EEE-9BDD-3F2ED076DC89}.Debug|Any CPU.Build.0 = Debug|Any CPU
		{A0247970-7EE0-4EEE-9BDD-3F2ED076DC89}.Debug|Any CPU.Deploy.0 = Debug|Any CPU
		{A0247970-7EE0-4EEE-9BDD-3F2ED076DC89}.Debug|iPhone.ActiveCfg = Debug|Any CPU
		{A0247970-7EE0-4EEE-9BDD-3F2ED076DC89}.Debug|iPhone.Build.0 = Debug|Any CPU
		{A0247970-7EE0-4EEE-9BDD-3F2ED076DC89}.Debug|iPhone.Deploy.0 = Debug|Any CPU
		{A0247970-7EE0-4EEE-9BDD-3F2ED076DC89}.Debug|iPhoneSimulator.ActiveCfg = Debug|Any CPU
		{A0247970-7EE0-4EEE-9BDD-3F2ED076DC89}.Debug|iPhoneSimulator.Build.0 = Debug|Any CPU
		{A0247970-7EE0-4EEE-9BDD-3F2ED076DC89}.Debug|iPhoneSimulator.Deploy.0 = Debug|Any CPU
		{A0247970-7EE0-4EEE-9BDD-3F2ED076DC89}.Release|Any CPU.ActiveCfg = Release|Any CPU
		{A0247970-7EE0-4EEE-9BDD-3F2ED076DC89}.Release|Any CPU.Build.0 = Release|Any CPU
		{A0247970-7EE0-4EEE-9BDD-3F2ED076DC89}.Release|Any CPU.Deploy.0 = Release|Any CPU
		{A0247970-7EE0-4EEE-9BDD-3F2ED076DC89}.Release|iPhone.ActiveCfg = Release|Any CPU
		{A0247970-7EE0-4EEE-9BDD-3F2ED076DC89}.Release|iPhone.Build.0 = Release|Any CPU
		{A0247970-7EE0-4EEE-9BDD-3F2ED076DC89}.Release|iPhone.Deploy.0 = Release|Any CPU
		{A0247970-7EE0-4EEE-9BDD-3F2ED076DC89}.Release|iPhoneSimulator.ActiveCfg = Release|Any CPU
		{A0247970-7EE0-4EEE-9BDD-3F2ED076DC89}.Release|iPhoneSimulator.Build.0 = Release|Any CPU
		{A0247970-7EE0-4EEE-9BDD-3F2ED076DC89}.Release|iPhoneSimulator.Deploy.0 = Release|Any CPU
	EndGlobalSection
	GlobalSection(SolutionProperties) = preSolution
		HideSolutionNode = FALSE
	EndGlobalSection
	GlobalSection(ExtensibilityGlobals) = postSolution
		SolutionGuid = {72C2EABD-6507-413C-9B69-7DB2BBC3B22F}
	EndGlobalSection
EndGlobal
